// !$*UTF8*$!
{
	archiveVersion = 1;
	classes = {
	};
	objectVersion = 56;
	objects = {

/* Begin PBXBuildFile section */
		4C1C7E8E2BC79AFD003FD1AD /* EntityID.swift in Sources */ = {isa = PBXBuildFile; fileRef = 4C1C7E8D2BC79AFD003FD1AD /* EntityID.swift */; };
		4C1C7E902BC79BD4003FD1AD /* TweetListView.swift in Sources */ = {isa = PBXBuildFile; fileRef = 4C1C7E8F2BC79BD4003FD1AD /* TweetListView.swift */; };
		4C1C7E922BC7AD6F003FD1AD /* TweetListViewModel.swift in Sources */ = {isa = PBXBuildFile; fileRef = 4C1C7E912BC7AD6F003FD1AD /* TweetListViewModel.swift */; };
		4C1C7E942BC7AF0D003FD1AD /* TweetRepositoryProtocol.swift in Sources */ = {isa = PBXBuildFile; fileRef = 4C1C7E932BC7AF0D003FD1AD /* TweetRepositoryProtocol.swift */; };
		4C1C7E962BC7AF51003FD1AD /* InMemoryTweetRepository.swift in Sources */ = {isa = PBXBuildFile; fileRef = 4C1C7E952BC7AF51003FD1AD /* InMemoryTweetRepository.swift */; };
		4C1C7E982BC7AF59003FD1AD /* TweetRepository.swift in Sources */ = {isa = PBXBuildFile; fileRef = 4C1C7E972BC7AF59003FD1AD /* TweetRepository.swift */; };
		4C1C7EA52BC818A4003FD1AD /* SignUpView.swift in Sources */ = {isa = PBXBuildFile; fileRef = 4C1C7EA42BC818A4003FD1AD /* SignUpView.swift */; };
		4C1C7EA92BCA4257003FD1AD /* SignUpViewModel.swift in Sources */ = {isa = PBXBuildFile; fileRef = 4C1C7EA82BCA4257003FD1AD /* SignUpViewModel.swift */; };
		4C1C7EAB2BCA53B5003FD1AD /* UserRepositoryProtcol.swift in Sources */ = {isa = PBXBuildFile; fileRef = 4C1C7EAA2BCA53B5003FD1AD /* UserRepositoryProtcol.swift */; };
		4C1C7EAD2BCA53CB003FD1AD /* UserRepository.swift in Sources */ = {isa = PBXBuildFile; fileRef = 4C1C7EAC2BCA53CB003FD1AD /* UserRepository.swift */; };
		4C1C7EAF2BCA53E8003FD1AD /* InMemoryUserRepository.swift in Sources */ = {isa = PBXBuildFile; fileRef = 4C1C7EAE2BCA53E8003FD1AD /* InMemoryUserRepository.swift */; };
		4C1C7EB12BCA5646003FD1AD /* PostTweetView.swift in Sources */ = {isa = PBXBuildFile; fileRef = 4C1C7EB02BCA5646003FD1AD /* PostTweetView.swift */; };
		4C1C7EB32BCA62B8003FD1AD /* PostTweetViewModel.swift in Sources */ = {isa = PBXBuildFile; fileRef = 4C1C7EB22BCA62B8003FD1AD /* PostTweetViewModel.swift */; };
		4C1C7EB52BCA7FCF003FD1AD /* TweetAPIClient.swift in Sources */ = {isa = PBXBuildFile; fileRef = 4C1C7EB42BCA7FCF003FD1AD /* TweetAPIClient.swift */; };
		4C1C7EB72BCA8501003FD1AD /* UserAPIClient.swift in Sources */ = {isa = PBXBuildFile; fileRef = 4C1C7EB62BCA8501003FD1AD /* UserAPIClient.swift */; };
		4C6DDEE92BC6D1F400C2AFF8 /* MockAPIApp.swift in Sources */ = {isa = PBXBuildFile; fileRef = 4C6DDEE82BC6D1F400C2AFF8 /* MockAPIApp.swift */; };
		4C6DDEEB2BC6D1F400C2AFF8 /* ContentView.swift in Sources */ = {isa = PBXBuildFile; fileRef = 4C6DDEEA2BC6D1F400C2AFF8 /* ContentView.swift */; };
		4C6DDEED2BC6D1F500C2AFF8 /* Assets.xcassets in Resources */ = {isa = PBXBuildFile; fileRef = 4C6DDEEC2BC6D1F500C2AFF8 /* Assets.xcassets */; };
		4C6DDEF02BC6D1F500C2AFF8 /* Preview Assets.xcassets in Resources */ = {isa = PBXBuildFile; fileRef = 4C6DDEEF2BC6D1F500C2AFF8 /* Preview Assets.xcassets */; };
		4C6DDEFB2BC6DDA000C2AFF8 /* User.swift in Sources */ = {isa = PBXBuildFile; fileRef = 4C6DDEFA2BC6DDA000C2AFF8 /* User.swift */; };
		4C6DDEFD2BC6DDE000C2AFF8 /* Tweet.swift in Sources */ = {isa = PBXBuildFile; fileRef = 4C6DDEFC2BC6DDE000C2AFF8 /* Tweet.swift */; };
		4C7D81542BCBF54F00E0ADA9 /* ProfileView.swift in Sources */ = {isa = PBXBuildFile; fileRef = 4C7D81532BCBF54F00E0ADA9 /* ProfileView.swift */; };
		4C7D81562BCBF56800E0ADA9 /* ProfileViewModel.swift in Sources */ = {isa = PBXBuildFile; fileRef = 4C7D81552BCBF56800E0ADA9 /* ProfileViewModel.swift */; };
		4C7D81582BCBF58200E0ADA9 /* TweetDetailView.swift in Sources */ = {isa = PBXBuildFile; fileRef = 4C7D81572BCBF58200E0ADA9 /* TweetDetailView.swift */; };
		4C7D815A2BCBF59800E0ADA9 /* TweetDetailViewModel.swift in Sources */ = {isa = PBXBuildFile; fileRef = 4C7D81592BCBF59800E0ADA9 /* TweetDetailViewModel.swift */; };
		4C7D815F2BCD70AD00E0ADA9 /* tweetRow.swift in Sources */ = {isa = PBXBuildFile; fileRef = 4C7D815E2BCD70AD00E0ADA9 /* tweetRow.swift */; };
		4C9537E72BD3A59A00452144 /* baseURL.swift in Sources */ = {isa = PBXBuildFile; fileRef = 4C9537E62BD3A59A00452144 /* baseURL.swift */; };
		4C9537EA2BD3C00B00452144 /* isPreviewEnvironment.swift in Sources */ = {isa = PBXBuildFile; fileRef = 4C9537E92BD3C00B00452144 /* isPreviewEnvironment.swift */; };
		4CC562B82BD01BC600F75A83 /* adaptivePresentation.swift in Sources */ = {isa = PBXBuildFile; fileRef = 4CC562B72BD01BC600F75A83 /* adaptivePresentation.swift */; };
		4CE978772BCDB2ED00D4B3C1 /* UserDetailView.swift in Sources */ = {isa = PBXBuildFile; fileRef = 4CE978762BCDB2ED00D4B3C1 /* UserDetailView.swift */; };
		4CE978792BCDB2FF00D4B3C1 /* UserDetailViewModel.swift in Sources */ = {isa = PBXBuildFile; fileRef = 4CE978782BCDB2FF00D4B3C1 /* UserDetailViewModel.swift */; };
/* End PBXBuildFile section */

/* Begin PBXFileReference section */
		4C1C7E8D2BC79AFD003FD1AD /* EntityID.swift */ = {isa = PBXFileReference; lastKnownFileType = sourcecode.swift; path = EntityID.swift; sourceTree = "<group>"; };
		4C1C7E8F2BC79BD4003FD1AD /* TweetListView.swift */ = {isa = PBXFileReference; lastKnownFileType = sourcecode.swift; path = TweetListView.swift; sourceTree = "<group>"; };
		4C1C7E912BC7AD6F003FD1AD /* TweetListViewModel.swift */ = {isa = PBXFileReference; lastKnownFileType = sourcecode.swift; path = TweetListViewModel.swift; sourceTree = "<group>"; };
		4C1C7E932BC7AF0D003FD1AD /* TweetRepositoryProtocol.swift */ = {isa = PBXFileReference; lastKnownFileType = sourcecode.swift; path = TweetRepositoryProtocol.swift; sourceTree = "<group>"; };
		4C1C7E952BC7AF51003FD1AD /* InMemoryTweetRepository.swift */ = {isa = PBXFileReference; lastKnownFileType = sourcecode.swift; path = InMemoryTweetRepository.swift; sourceTree = "<group>"; };
		4C1C7E972BC7AF59003FD1AD /* TweetRepository.swift */ = {isa = PBXFileReference; lastKnownFileType = sourcecode.swift; path = TweetRepository.swift; sourceTree = "<group>"; };
		4C1C7EA42BC818A4003FD1AD /* SignUpView.swift */ = {isa = PBXFileReference; lastKnownFileType = sourcecode.swift; path = SignUpView.swift; sourceTree = "<group>"; };
		4C1C7EA82BCA4257003FD1AD /* SignUpViewModel.swift */ = {isa = PBXFileReference; lastKnownFileType = sourcecode.swift; path = SignUpViewModel.swift; sourceTree = "<group>"; };
		4C1C7EAA2BCA53B5003FD1AD /* UserRepositoryProtcol.swift */ = {isa = PBXFileReference; lastKnownFileType = sourcecode.swift; path = UserRepositoryProtcol.swift; sourceTree = "<group>"; };
		4C1C7EAC2BCA53CB003FD1AD /* UserRepository.swift */ = {isa = PBXFileReference; lastKnownFileType = sourcecode.swift; path = UserRepository.swift; sourceTree = "<group>"; };
		4C1C7EAE2BCA53E8003FD1AD /* InMemoryUserRepository.swift */ = {isa = PBXFileReference; lastKnownFileType = sourcecode.swift; path = InMemoryUserRepository.swift; sourceTree = "<group>"; };
		4C1C7EB02BCA5646003FD1AD /* PostTweetView.swift */ = {isa = PBXFileReference; lastKnownFileType = sourcecode.swift; path = PostTweetView.swift; sourceTree = "<group>"; };
		4C1C7EB22BCA62B8003FD1AD /* PostTweetViewModel.swift */ = {isa = PBXFileReference; lastKnownFileType = sourcecode.swift; path = PostTweetViewModel.swift; sourceTree = "<group>"; };
		4C1C7EB42BCA7FCF003FD1AD /* TweetAPIClient.swift */ = {isa = PBXFileReference; lastKnownFileType = sourcecode.swift; path = TweetAPIClient.swift; sourceTree = "<group>"; };
		4C1C7EB62BCA8501003FD1AD /* UserAPIClient.swift */ = {isa = PBXFileReference; lastKnownFileType = sourcecode.swift; path = UserAPIClient.swift; sourceTree = "<group>"; };
		4C6DDEE52BC6D1F400C2AFF8 /* MockAPI.app */ = {isa = PBXFileReference; explicitFileType = wrapper.application; includeInIndex = 0; path = MockAPI.app; sourceTree = BUILT_PRODUCTS_DIR; };
		4C6DDEE82BC6D1F400C2AFF8 /* MockAPIApp.swift */ = {isa = PBXFileReference; lastKnownFileType = sourcecode.swift; path = MockAPIApp.swift; sourceTree = "<group>"; };
		4C6DDEEA2BC6D1F400C2AFF8 /* ContentView.swift */ = {isa = PBXFileReference; lastKnownFileType = sourcecode.swift; path = ContentView.swift; sourceTree = "<group>"; };
		4C6DDEEC2BC6D1F500C2AFF8 /* Assets.xcassets */ = {isa = PBXFileReference; lastKnownFileType = folder.assetcatalog; path = Assets.xcassets; sourceTree = "<group>"; };
		4C6DDEEF2BC6D1F500C2AFF8 /* Preview Assets.xcassets */ = {isa = PBXFileReference; lastKnownFileType = folder.assetcatalog; path = "Preview Assets.xcassets"; sourceTree = "<group>"; };
		4C6DDEFA2BC6DDA000C2AFF8 /* User.swift */ = {isa = PBXFileReference; lastKnownFileType = sourcecode.swift; path = User.swift; sourceTree = "<group>"; };
		4C6DDEFC2BC6DDE000C2AFF8 /* Tweet.swift */ = {isa = PBXFileReference; lastKnownFileType = sourcecode.swift; path = Tweet.swift; sourceTree = "<group>"; };
		4C7D81532BCBF54F00E0ADA9 /* ProfileView.swift */ = {isa = PBXFileReference; lastKnownFileType = sourcecode.swift; path = ProfileView.swift; sourceTree = "<group>"; };
		4C7D81552BCBF56800E0ADA9 /* ProfileViewModel.swift */ = {isa = PBXFileReference; lastKnownFileType = sourcecode.swift; path = ProfileViewModel.swift; sourceTree = "<group>"; };
		4C7D81572BCBF58200E0ADA9 /* TweetDetailView.swift */ = {isa = PBXFileReference; lastKnownFileType = sourcecode.swift; path = TweetDetailView.swift; sourceTree = "<group>"; };
		4C7D81592BCBF59800E0ADA9 /* TweetDetailViewModel.swift */ = {isa = PBXFileReference; lastKnownFileType = sourcecode.swift; path = TweetDetailViewModel.swift; sourceTree = "<group>"; };
		4C7D815E2BCD70AD00E0ADA9 /* tweetRow.swift */ = {isa = PBXFileReference; lastKnownFileType = sourcecode.swift; path = tweetRow.swift; sourceTree = "<group>"; };
		4C9537E62BD3A59A00452144 /* baseURL.swift */ = {isa = PBXFileReference; lastKnownFileType = sourcecode.swift; path = baseURL.swift; sourceTree = "<group>"; };
		4C9537E92BD3C00B00452144 /* isPreviewEnvironment.swift */ = {isa = PBXFileReference; lastKnownFileType = sourcecode.swift; path = isPreviewEnvironment.swift; sourceTree = "<group>"; };
		4CC562B72BD01BC600F75A83 /* adaptivePresentation.swift */ = {isa = PBXFileReference; lastKnownFileType = sourcecode.swift; path = adaptivePresentation.swift; sourceTree = "<group>"; };
		4CE978762BCDB2ED00D4B3C1 /* UserDetailView.swift */ = {isa = PBXFileReference; lastKnownFileType = sourcecode.swift; path = UserDetailView.swift; sourceTree = "<group>"; };
		4CE978782BCDB2FF00D4B3C1 /* UserDetailViewModel.swift */ = {isa = PBXFileReference; lastKnownFileType = sourcecode.swift; path = UserDetailViewModel.swift; sourceTree = "<group>"; };
/* End PBXFileReference section */

/* Begin PBXFrameworksBuildPhase section */
		4C6DDEE22BC6D1F400C2AFF8 /* Frameworks */ = {
			isa = PBXFrameworksBuildPhase;
			buildActionMask = 2147483647;
			files = (
			);
			runOnlyForDeploymentPostprocessing = 0;
		};
/* End PBXFrameworksBuildPhase section */

/* Begin PBXGroup section */
		4C1C7E9D2BC7B7CE003FD1AD /* View & ViewModel */ = {
			isa = PBXGroup;
			children = (
				4C6DDEEA2BC6D1F400C2AFF8 /* ContentView.swift */,
				4C1C7EA42BC818A4003FD1AD /* SignUpView.swift */,
				4C1C7EA82BCA4257003FD1AD /* SignUpViewModel.swift */,
				4C1C7E8F2BC79BD4003FD1AD /* TweetListView.swift */,
				4C1C7E912BC7AD6F003FD1AD /* TweetListViewModel.swift */,
				4C1C7EB02BCA5646003FD1AD /* PostTweetView.swift */,
				4C1C7EB22BCA62B8003FD1AD /* PostTweetViewModel.swift */,
				4C7D81532BCBF54F00E0ADA9 /* ProfileView.swift */,
				4C7D81552BCBF56800E0ADA9 /* ProfileViewModel.swift */,
				4C7D81572BCBF58200E0ADA9 /* TweetDetailView.swift */,
				4C7D81592BCBF59800E0ADA9 /* TweetDetailViewModel.swift */,
				4CE978762BCDB2ED00D4B3C1 /* UserDetailView.swift */,
				4CE978782BCDB2FF00D4B3C1 /* UserDetailViewModel.swift */,
				4C7D815D2BCD708E00E0ADA9 /* Component */,
				4CC562B62BD01B5700F75A83 /* Modifier */,
			);
			path = "View & ViewModel";
			sourceTree = "<group>";
		};
		4C1C7E9E2BC7B7DB003FD1AD /* Model */ = {
			isa = PBXGroup;
			children = (
				4C6DDEFC2BC6DDE000C2AFF8 /* Tweet.swift */,
				4C6DDEFA2BC6DDA000C2AFF8 /* User.swift */,
				4C1C7E8D2BC79AFD003FD1AD /* EntityID.swift */,
				4C1C7E9F2BC7B81A003FD1AD /* TweetRepository */,
				4C1C7EA32BC7C15C003FD1AD /* UserRepository */,
				4C1C7EA12BC7B866003FD1AD /* TweetAPIClient */,
				4C1C7EA22BC7B873003FD1AD /* UserAPIClient */,
			);
			path = Model;
			sourceTree = "<group>";
		};
		4C1C7E9F2BC7B81A003FD1AD /* TweetRepository */ = {
			isa = PBXGroup;
			children = (
				4C1C7E932BC7AF0D003FD1AD /* TweetRepositoryProtocol.swift */,
				4C1C7E972BC7AF59003FD1AD /* TweetRepository.swift */,
				4C1C7E952BC7AF51003FD1AD /* InMemoryTweetRepository.swift */,
			);
			path = TweetRepository;
			sourceTree = "<group>";
		};
		4C1C7EA12BC7B866003FD1AD /* TweetAPIClient */ = {
			isa = PBXGroup;
			children = (
				4C1C7EB42BCA7FCF003FD1AD /* TweetAPIClient.swift */,
			);
			path = TweetAPIClient;
			sourceTree = "<group>";
		};
		4C1C7EA22BC7B873003FD1AD /* UserAPIClient */ = {
			isa = PBXGroup;
			children = (
				4C1C7EB62BCA8501003FD1AD /* UserAPIClient.swift */,
			);
			path = UserAPIClient;
			sourceTree = "<group>";
		};
		4C1C7EA32BC7C15C003FD1AD /* UserRepository */ = {
			isa = PBXGroup;
			children = (
				4C1C7EAA2BCA53B5003FD1AD /* UserRepositoryProtcol.swift */,
				4C1C7EAC2BCA53CB003FD1AD /* UserRepository.swift */,
				4C1C7EAE2BCA53E8003FD1AD /* InMemoryUserRepository.swift */,
			);
			path = UserRepository;
			sourceTree = "<group>";
		};
		4C6DDEDC2BC6D1F400C2AFF8 = {
			isa = PBXGroup;
			children = (
				4C6DDEE72BC6D1F400C2AFF8 /* MockAPI */,
				4C6DDEE62BC6D1F400C2AFF8 /* Products */,
			);
			sourceTree = "<group>";
		};
		4C6DDEE62BC6D1F400C2AFF8 /* Products */ = {
			isa = PBXGroup;
			children = (
				4C6DDEE52BC6D1F400C2AFF8 /* MockAPI.app */,
			);
			name = Products;
			sourceTree = "<group>";
		};
		4C6DDEE72BC6D1F400C2AFF8 /* MockAPI */ = {
			isa = PBXGroup;
			children = (
				4C6DDEE82BC6D1F400C2AFF8 /* MockAPIApp.swift */,
				4C9537E62BD3A59A00452144 /* baseURL.swift */,
				4C1C7E9D2BC7B7CE003FD1AD /* View & ViewModel */,
				4C1C7E9E2BC7B7DB003FD1AD /* Model */,
				4C9537E82BD3BFF700452144 /* Util */,
				4C6DDEEC2BC6D1F500C2AFF8 /* Assets.xcassets */,
				4C6DDEEE2BC6D1F500C2AFF8 /* Preview Content */,
			);
			path = MockAPI;
			sourceTree = "<group>";
		};
		4C6DDEEE2BC6D1F500C2AFF8 /* Preview Content */ = {
			isa = PBXGroup;
			children = (
				4C6DDEEF2BC6D1F500C2AFF8 /* Preview Assets.xcassets */,
			);
			path = "Preview Content";
			sourceTree = "<group>";
		};
		4C7D815D2BCD708E00E0ADA9 /* Component */ = {
			isa = PBXGroup;
			children = (
				4C7D815E2BCD70AD00E0ADA9 /* tweetRow.swift */,
			);
			path = Component;
			sourceTree = "<group>";
		};
		4C9537E82BD3BFF700452144 /* Util */ = {
			isa = PBXGroup;
			children = (
				4C9537E92BD3C00B00452144 /* isPreviewEnvironment.swift */,
			);
			path = Util;
			sourceTree = "<group>";
		};
		4CC562B62BD01B5700F75A83 /* Modifier */ = {
			isa = PBXGroup;
			children = (
				4CC562B72BD01BC600F75A83 /* adaptivePresentation.swift */,
			);
			path = Modifier;
			sourceTree = "<group>";
		};
/* End PBXGroup section */

/* Begin PBXNativeTarget section */
		4C6DDEE42BC6D1F400C2AFF8 /* MockAPI */ = {
			isa = PBXNativeTarget;
			buildConfigurationList = 4C6DDEF32BC6D1F500C2AFF8 /* Build configuration list for PBXNativeTarget "MockAPI" */;
			buildPhases = (
				4C6DDEE12BC6D1F400C2AFF8 /* Sources */,
				4C6DDEE22BC6D1F400C2AFF8 /* Frameworks */,
				4C6DDEE32BC6D1F400C2AFF8 /* Resources */,
			);
			buildRules = (
			);
			dependencies = (
			);
			name = MockAPI;
			productName = MockAPI;
			productReference = 4C6DDEE52BC6D1F400C2AFF8 /* MockAPI.app */;
			productType = "com.apple.product-type.application";
		};
/* End PBXNativeTarget section */

/* Begin PBXProject section */
		4C6DDEDD2BC6D1F400C2AFF8 /* Project object */ = {
			isa = PBXProject;
			attributes = {
				BuildIndependentTargetsInParallel = 1;
				LastSwiftUpdateCheck = 1530;
				LastUpgradeCheck = 1530;
				TargetAttributes = {
					4C6DDEE42BC6D1F400C2AFF8 = {
						CreatedOnToolsVersion = 15.3;
					};
				};
			};
			buildConfigurationList = 4C6DDEE02BC6D1F400C2AFF8 /* Build configuration list for PBXProject "MockAPI" */;
			compatibilityVersion = "Xcode 14.0";
			developmentRegion = en;
			hasScannedForEncodings = 0;
			knownRegions = (
				en,
				Base,
			);
			mainGroup = 4C6DDEDC2BC6D1F400C2AFF8;
			productRefGroup = 4C6DDEE62BC6D1F400C2AFF8 /* Products */;
			projectDirPath = "";
			projectRoot = "";
			targets = (
				4C6DDEE42BC6D1F400C2AFF8 /* MockAPI */,
			);
		};
/* End PBXProject section */

/* Begin PBXResourcesBuildPhase section */
		4C6DDEE32BC6D1F400C2AFF8 /* Resources */ = {
			isa = PBXResourcesBuildPhase;
			buildActionMask = 2147483647;
			files = (
				4C6DDEF02BC6D1F500C2AFF8 /* Preview Assets.xcassets in Resources */,
				4C6DDEED2BC6D1F500C2AFF8 /* Assets.xcassets in Resources */,
			);
			runOnlyForDeploymentPostprocessing = 0;
		};
/* End PBXResourcesBuildPhase section */

/* Begin PBXSourcesBuildPhase section */
		4C6DDEE12BC6D1F400C2AFF8 /* Sources */ = {
			isa = PBXSourcesBuildPhase;
			buildActionMask = 2147483647;
			files = (
				4C6DDEFB2BC6DDA000C2AFF8 /* User.swift in Sources */,
				4C6DDEFD2BC6DDE000C2AFF8 /* Tweet.swift in Sources */,
				4C1C7EB72BCA8501003FD1AD /* UserAPIClient.swift in Sources */,
				4CE978772BCDB2ED00D4B3C1 /* UserDetailView.swift in Sources */,
				4C6DDEEB2BC6D1F400C2AFF8 /* ContentView.swift in Sources */,
				4C1C7E982BC7AF59003FD1AD /* TweetRepository.swift in Sources */,
				4C1C7E922BC7AD6F003FD1AD /* TweetListViewModel.swift in Sources */,
				4C1C7EAF2BCA53E8003FD1AD /* InMemoryUserRepository.swift in Sources */,
				4CC562B82BD01BC600F75A83 /* adaptivePresentation.swift in Sources */,
				4C1C7EA52BC818A4003FD1AD /* SignUpView.swift in Sources */,
				4C7D81542BCBF54F00E0ADA9 /* ProfileView.swift in Sources */,
				4C7D81562BCBF56800E0ADA9 /* ProfileViewModel.swift in Sources */,
				4C7D815F2BCD70AD00E0ADA9 /* tweetRow.swift in Sources */,
				4CE978792BCDB2FF00D4B3C1 /* UserDetailViewModel.swift in Sources */,
				4C1C7EB52BCA7FCF003FD1AD /* TweetAPIClient.swift in Sources */,
				4C1C7EB32BCA62B8003FD1AD /* PostTweetViewModel.swift in Sources */,
				4C6DDEE92BC6D1F400C2AFF8 /* MockAPIApp.swift in Sources */,
				4C9537E72BD3A59A00452144 /* baseURL.swift in Sources */,
				4C9537EA2BD3C00B00452144 /* isPreviewEnvironment.swift in Sources */,
				4C1C7EB12BCA5646003FD1AD /* PostTweetView.swift in Sources */,
				4C1C7E942BC7AF0D003FD1AD /* TweetRepositoryProtocol.swift in Sources */,
				4C7D815A2BCBF59800E0ADA9 /* TweetDetailViewModel.swift in Sources */,
				4C1C7E962BC7AF51003FD1AD /* InMemoryTweetRepository.swift in Sources */,
				4C1C7E8E2BC79AFD003FD1AD /* EntityID.swift in Sources */,
				4C1C7EAD2BCA53CB003FD1AD /* UserRepository.swift in Sources */,
				4C1C7EA92BCA4257003FD1AD /* SignUpViewModel.swift in Sources */,
				4C1C7E902BC79BD4003FD1AD /* TweetListView.swift in Sources */,
				4C1C7EAB2BCA53B5003FD1AD /* UserRepositoryProtcol.swift in Sources */,
				4C7D81582BCBF58200E0ADA9 /* TweetDetailView.swift in Sources */,
			);
			runOnlyForDeploymentPostprocessing = 0;
		};
/* End PBXSourcesBuildPhase section */

/* Begin XCBuildConfiguration section */
		4C6DDEF12BC6D1F500C2AFF8 /* Debug */ = {
			isa = XCBuildConfiguration;
			buildSettings = {
				ALWAYS_SEARCH_USER_PATHS = NO;
				ASSETCATALOG_COMPILER_GENERATE_SWIFT_ASSET_SYMBOL_EXTENSIONS = YES;
				CLANG_ANALYZER_NONNULL = YES;
				CLANG_ANALYZER_NUMBER_OBJECT_CONVERSION = YES_AGGRESSIVE;
				CLANG_CXX_LANGUAGE_STANDARD = "gnu++20";
				CLANG_ENABLE_MODULES = YES;
				CLANG_ENABLE_OBJC_ARC = YES;
				CLANG_ENABLE_OBJC_WEAK = YES;
				CLANG_WARN_BLOCK_CAPTURE_AUTORELEASING = YES;
				CLANG_WARN_BOOL_CONVERSION = YES;
				CLANG_WARN_COMMA = YES;
				CLANG_WARN_CONSTANT_CONVERSION = YES;
				CLANG_WARN_DEPRECATED_OBJC_IMPLEMENTATIONS = YES;
				CLANG_WARN_DIRECT_OBJC_ISA_USAGE = YES_ERROR;
				CLANG_WARN_DOCUMENTATION_COMMENTS = YES;
				CLANG_WARN_EMPTY_BODY = YES;
				CLANG_WARN_ENUM_CONVERSION = YES;
				CLANG_WARN_INFINITE_RECURSION = YES;
				CLANG_WARN_INT_CONVERSION = YES;
				CLANG_WARN_NON_LITERAL_NULL_CONVERSION = YES;
				CLANG_WARN_OBJC_IMPLICIT_RETAIN_SELF = YES;
				CLANG_WARN_OBJC_LITERAL_CONVERSION = YES;
				CLANG_WARN_OBJC_ROOT_CLASS = YES_ERROR;
				CLANG_WARN_QUOTED_INCLUDE_IN_FRAMEWORK_HEADER = YES;
				CLANG_WARN_RANGE_LOOP_ANALYSIS = YES;
				CLANG_WARN_STRICT_PROTOTYPES = YES;
				CLANG_WARN_SUSPICIOUS_MOVE = YES;
				CLANG_WARN_UNGUARDED_AVAILABILITY = YES_AGGRESSIVE;
				CLANG_WARN_UNREACHABLE_CODE = YES;
				CLANG_WARN__DUPLICATE_METHOD_MATCH = YES;
				COPY_PHASE_STRIP = NO;
				DEBUG_INFORMATION_FORMAT = dwarf;
				ENABLE_STRICT_OBJC_MSGSEND = YES;
				ENABLE_TESTABILITY = YES;
				ENABLE_USER_SCRIPT_SANDBOXING = YES;
				GCC_C_LANGUAGE_STANDARD = gnu17;
				GCC_DYNAMIC_NO_PIC = NO;
				GCC_NO_COMMON_BLOCKS = YES;
				GCC_OPTIMIZATION_LEVEL = 0;
				GCC_PREPROCESSOR_DEFINITIONS = (
					"DEBUG=1",
					"$(inherited)",
				);
				GCC_WARN_64_TO_32_BIT_CONVERSION = YES;
				GCC_WARN_ABOUT_RETURN_TYPE = YES_ERROR;
				GCC_WARN_UNDECLARED_SELECTOR = YES;
				GCC_WARN_UNINITIALIZED_AUTOS = YES_AGGRESSIVE;
				GCC_WARN_UNUSED_FUNCTION = YES;
				GCC_WARN_UNUSED_VARIABLE = YES;
				IPHONEOS_DEPLOYMENT_TARGET = 17.0;
				LOCALIZATION_PREFERS_STRING_CATALOGS = YES;
				MTL_ENABLE_DEBUG_INFO = INCLUDE_SOURCE;
				MTL_FAST_MATH = YES;
				ONLY_ACTIVE_ARCH = YES;
				SDKROOT = iphoneos;
				SWIFT_ACTIVE_COMPILATION_CONDITIONS = "DEBUG $(inherited)";
				SWIFT_OPTIMIZATION_LEVEL = "-Onone";
			};
			name = Debug;
		};
		4C6DDEF22BC6D1F500C2AFF8 /* Release */ = {
			isa = XCBuildConfiguration;
			buildSettings = {
				ALWAYS_SEARCH_USER_PATHS = NO;
				ASSETCATALOG_COMPILER_GENERATE_SWIFT_ASSET_SYMBOL_EXTENSIONS = YES;
				CLANG_ANALYZER_NONNULL = YES;
				CLANG_ANALYZER_NUMBER_OBJECT_CONVERSION = YES_AGGRESSIVE;
				CLANG_CXX_LANGUAGE_STANDARD = "gnu++20";
				CLANG_ENABLE_MODULES = YES;
				CLANG_ENABLE_OBJC_ARC = YES;
				CLANG_ENABLE_OBJC_WEAK = YES;
				CLANG_WARN_BLOCK_CAPTURE_AUTORELEASING = YES;
				CLANG_WARN_BOOL_CONVERSION = YES;
				CLANG_WARN_COMMA = YES;
				CLANG_WARN_CONSTANT_CONVERSION = YES;
				CLANG_WARN_DEPRECATED_OBJC_IMPLEMENTATIONS = YES;
				CLANG_WARN_DIRECT_OBJC_ISA_USAGE = YES_ERROR;
				CLANG_WARN_DOCUMENTATION_COMMENTS = YES;
				CLANG_WARN_EMPTY_BODY = YES;
				CLANG_WARN_ENUM_CONVERSION = YES;
				CLANG_WARN_INFINITE_RECURSION = YES;
				CLANG_WARN_INT_CONVERSION = YES;
				CLANG_WARN_NON_LITERAL_NULL_CONVERSION = YES;
				CLANG_WARN_OBJC_IMPLICIT_RETAIN_SELF = YES;
				CLANG_WARN_OBJC_LITERAL_CONVERSION = YES;
				CLANG_WARN_OBJC_ROOT_CLASS = YES_ERROR;
				CLANG_WARN_QUOTED_INCLUDE_IN_FRAMEWORK_HEADER = YES;
				CLANG_WARN_RANGE_LOOP_ANALYSIS = YES;
				CLANG_WARN_STRICT_PROTOTYPES = YES;
				CLANG_WARN_SUSPICIOUS_MOVE = YES;
				CLANG_WARN_UNGUARDED_AVAILABILITY = YES_AGGRESSIVE;
				CLANG_WARN_UNREACHABLE_CODE = YES;
				CLANG_WARN__DUPLICATE_METHOD_MATCH = YES;
				COPY_PHASE_STRIP = NO;
				DEBUG_INFORMATION_FORMAT = "dwarf-with-dsym";
				ENABLE_NS_ASSERTIONS = NO;
				ENABLE_STRICT_OBJC_MSGSEND = YES;
				ENABLE_USER_SCRIPT_SANDBOXING = YES;
				GCC_C_LANGUAGE_STANDARD = gnu17;
				GCC_NO_COMMON_BLOCKS = YES;
				GCC_WARN_64_TO_32_BIT_CONVERSION = YES;
				GCC_WARN_ABOUT_RETURN_TYPE = YES_ERROR;
				GCC_WARN_UNDECLARED_SELECTOR = YES;
				GCC_WARN_UNINITIALIZED_AUTOS = YES_AGGRESSIVE;
				GCC_WARN_UNUSED_FUNCTION = YES;
				GCC_WARN_UNUSED_VARIABLE = YES;
				IPHONEOS_DEPLOYMENT_TARGET = 17.0;
				LOCALIZATION_PREFERS_STRING_CATALOGS = YES;
				MTL_ENABLE_DEBUG_INFO = NO;
				MTL_FAST_MATH = YES;
				SDKROOT = iphoneos;
				SWIFT_COMPILATION_MODE = wholemodule;
				VALIDATE_PRODUCT = YES;
			};
			name = Release;
		};
		4C6DDEF42BC6D1F500C2AFF8 /* Debug */ = {
			isa = XCBuildConfiguration;
			buildSettings = {
				ASSETCATALOG_COMPILER_APPICON_NAME = AppIcon;
				ASSETCATALOG_COMPILER_GLOBAL_ACCENT_COLOR_NAME = AccentColor;
				CODE_SIGN_STYLE = Automatic;
				CURRENT_PROJECT_VERSION = 1;
				DEVELOPMENT_ASSET_PATHS = "\"MockAPI/Preview Content\"";
				DEVELOPMENT_TEAM = QJC45QJ28B;
				ENABLE_PREVIEWS = YES;
				GENERATE_INFOPLIST_FILE = YES;
				INFOPLIST_KEY_UIApplicationSceneManifest_Generation = YES;
				INFOPLIST_KEY_UIApplicationSupportsIndirectInputEvents = YES;
				INFOPLIST_KEY_UILaunchScreen_Generation = YES;
				INFOPLIST_KEY_UISupportedInterfaceOrientations_iPad = "UIInterfaceOrientationPortrait UIInterfaceOrientationPortraitUpsideDown UIInterfaceOrientationLandscapeLeft UIInterfaceOrientationLandscapeRight";
				INFOPLIST_KEY_UISupportedInterfaceOrientations_iPhone = "UIInterfaceOrientationPortrait UIInterfaceOrientationLandscapeLeft UIInterfaceOrientationLandscapeRight";
				LD_RUNPATH_SEARCH_PATHS = (
					"$(inherited)",
					"@executable_path/Frameworks",
				);
				MARKETING_VERSION = 1.0;
				PRODUCT_BUNDLE_IDENTIFIER = com.masaki.MockAPI;
				PRODUCT_NAME = "$(TARGET_NAME)";
				SWIFT_EMIT_LOC_STRINGS = YES;
				SWIFT_VERSION = 5.0;
				TARGETED_DEVICE_FAMILY = "1,2";
			};
			name = Debug;
		};
		4C6DDEF52BC6D1F500C2AFF8 /* Release */ = {
			isa = XCBuildConfiguration;
			buildSettings = {
				ASSETCATALOG_COMPILER_APPICON_NAME = AppIcon;
				ASSETCATALOG_COMPILER_GLOBAL_ACCENT_COLOR_NAME = AccentColor;
				CODE_SIGN_STYLE = Automatic;
				CURRENT_PROJECT_VERSION = 1;
				DEVELOPMENT_ASSET_PATHS = "\"MockAPI/Preview Content\"";
				DEVELOPMENT_TEAM = QJC45QJ28B;
				ENABLE_PREVIEWS = YES;
				GENERATE_INFOPLIST_FILE = YES;
				INFOPLIST_KEY_UIApplicationSceneManifest_Generation = YES;
				INFOPLIST_KEY_UIApplicationSupportsIndirectInputEvents = YES;
				INFOPLIST_KEY_UILaunchScreen_Generation = YES;
				INFOPLIST_KEY_UISupportedInterfaceOrientations_iPad = "UIInterfaceOrientationPortrait UIInterfaceOrientationPortraitUpsideDown UIInterfaceOrientationLandscapeLeft UIInterfaceOrientationLandscapeRight";
				INFOPLIST_KEY_UISupportedInterfaceOrientations_iPhone = "UIInterfaceOrientationPortrait UIInterfaceOrientationLandscapeLeft UIInterfaceOrientationLandscapeRight";
				LD_RUNPATH_SEARCH_PATHS = (
					"$(inherited)",
					"@executable_path/Frameworks",
				);
				MARKETING_VERSION = 1.0;
				PRODUCT_BUNDLE_IDENTIFIER = com.masaki.MockAPI;
				PRODUCT_NAME = "$(TARGET_NAME)";
				SWIFT_EMIT_LOC_STRINGS = YES;
				SWIFT_VERSION = 5.0;
				TARGETED_DEVICE_FAMILY = "1,2";
			};
			name = Release;
		};
/* End XCBuildConfiguration section */

/* Begin XCConfigurationList section */
		4C6DDEE02BC6D1F400C2AFF8 /* Build configuration list for PBXProject "MockAPI" */ = {
			isa = XCConfigurationList;
			buildConfigurations = (
				4C6DDEF12BC6D1F500C2AFF8 /* Debug */,
				4C6DDEF22BC6D1F500C2AFF8 /* Release */,
			);
			defaultConfigurationIsVisible = 0;
			defaultConfigurationName = Release;
		};
		4C6DDEF32BC6D1F500C2AFF8 /* Build configuration list for PBXNativeTarget "MockAPI" */ = {
			isa = XCConfigurationList;
			buildConfigurations = (
				4C6DDEF42BC6D1F500C2AFF8 /* Debug */,
				4C6DDEF52BC6D1F500C2AFF8 /* Release */,
			);
			defaultConfigurationIsVisible = 0;
			defaultConfigurationName = Release;
		};
/* End XCConfigurationList section */
	};
	rootObject = 4C6DDEDD2BC6D1F400C2AFF8 /* Project object */;
}
